
Microsoft Visual Studio Solution File, Format Version 12.00
# Visual Studio Version 17
VisualStudioVersion = 17.10.35004.147
MinimumVisualStudioVersion = 10.0.40219.1
Project("{9A19103F-16F7-4668-BE54-9A1E7A4F7556}") = "ASAP_Task", "ASAP_Task\ASAP_Task.csproj", "{8DD55CB1-7402-4DE3-9386-70228787DAAE}"
	ProjectSection(ProjectDependencies) = postProject
		{14479211-5F44-4B14-9C99-EBEF1B310179} = {14479211-5F44-4B14-9C99-EBEF1B310179}
	EndProjectSection
EndProject
Project("{2150E333-8FDC-42A3-9474-1A3956D46DE8}") = "Core", "Core", "{67D3ECC1-F11F-4959-800B-34FB1198CCFE}"
EndProject
Project("{2150E333-8FDC-42A3-9474-1A3956D46DE8}") = "Infrastructure", "Infrastructure", "{6E6ECF3E-4FC1-4572-8F8E-C280203D8FB7}"
EndProject
Project("{2150E333-8FDC-42A3-9474-1A3956D46DE8}") = "Presentation", "Presentation", "{A09E6B9A-AAD1-42B4-AB03-507609FF4115}"
EndProject
Project("{2150E333-8FDC-42A3-9474-1A3956D46DE8}") = "Test", "Test", "{3C08BA73-81AE-41B5-9B9E-C3630137C125}"
EndProject
Project("{9A19103F-16F7-4668-BE54-9A1E7A4F7556}") = "ASAP.Domain", "ASAP.Domain\ASAP.Domain.csproj", "{AA8CB2C6-25AC-47CA-9190-EAEAE9AB66BC}"
EndProject
Project("{9A19103F-16F7-4668-BE54-9A1E7A4F7556}") = "ASAP.Application", "ASAP.Application\ASAP.Application.csproj", "{496F144B-D7FF-4A88-8663-1591C612E07A}"
EndProject
Project("{9A19103F-16F7-4668-BE54-9A1E7A4F7556}") = "ASAP.Infrastructure", "ASAP.Infrastructure\ASAP.Infrastructure.csproj", "{14479211-5F44-4B14-9C99-EBEF1B310179}"
EndProject
Project("{9A19103F-16F7-4668-BE54-9A1E7A4F7556}") = "ASAP.Presistance", "ASAP.Presistance\ASAP.Presistance.csproj", "{F7BCE597-AD25-4F90-89ED-6470E02424CC}"
EndProject
Global
	GlobalSection(SolutionConfigurationPlatforms) = preSolution
		Debug|Any CPU = Debug|Any CPU
		Release|Any CPU = Release|Any CPU
	EndGlobalSection
	GlobalSection(ProjectConfigurationPlatforms) = postSolution
		{8DD55CB1-7402-4DE3-9386-70228787DAAE}.Debug|Any CPU.ActiveCfg = Debug|Any CPU
		{8DD55CB1-7402-4DE3-9386-70228787DAAE}.Debug|Any CPU.Build.0 = Debug|Any CPU
		{8DD55CB1-7402-4DE3-9386-70228787DAAE}.Release|Any CPU.ActiveCfg = Release|Any CPU
		{8DD55CB1-7402-4DE3-9386-70228787DAAE}.Release|Any CPU.Build.0 = Release|Any CPU
		{AA8CB2C6-25AC-47CA-9190-EAEAE9AB66BC}.Debug|Any CPU.ActiveCfg = Debug|Any CPU
		{AA8CB2C6-25AC-47CA-9190-EAEAE9AB66BC}.Debug|Any CPU.Build.0 = Debug|Any CPU
		{AA8CB2C6-25AC-47CA-9190-EAEAE9AB66BC}.Release|Any CPU.ActiveCfg = Release|Any CPU
		{AA8CB2C6-25AC-47CA-9190-EAEAE9AB66BC}.Release|Any CPU.Build.0 = Release|Any CPU
		{496F144B-D7FF-4A88-8663-1591C612E07A}.Debug|Any CPU.ActiveCfg = Debug|Any CPU
		{496F144B-D7FF-4A88-8663-1591C612E07A}.Debug|Any CPU.Build.0 = Debug|Any CPU
		{496F144B-D7FF-4A88-8663-1591C612E07A}.Release|Any CPU.ActiveCfg = Release|Any CPU
		{496F144B-D7FF-4A88-8663-1591C612E07A}.Release|Any CPU.Build.0 = Release|Any CPU
		{14479211-5F44-4B14-9C99-EBEF1B310179}.Debug|Any CPU.ActiveCfg = Debug|Any CPU
		{14479211-5F44-4B14-9C99-EBEF1B310179}.Debug|Any CPU.Build.0 = Debug|Any CPU
		{14479211-5F44-4B14-9C99-EBEF1B310179}.Release|Any CPU.ActiveCfg = Release|Any CPU
		{14479211-5F44-4B14-9C99-EBEF1B310179}.Release|Any CPU.Build.0 = Release|Any CPU
		{F7BCE597-AD25-4F90-89ED-6470E02424CC}.Debug|Any CPU.ActiveCfg = Debug|Any CPU
		{F7BCE597-AD25-4F90-89ED-6470E02424CC}.Debug|Any CPU.Build.0 = Debug|Any CPU
		{F7BCE597-AD25-4F90-89ED-6470E02424CC}.Release|Any CPU.ActiveCfg = Release|Any CPU
		{F7BCE597-AD25-4F90-89ED-6470E02424CC}.Release|Any CPU.Build.0 = Release|Any CPU
	EndGlobalSection
	GlobalSection(SolutionProperties) = preSolution
		HideSolutionNode = FALSE
	EndGlobalSection
	GlobalSection(NestedProjects) = preSolution
		{8DD55CB1-7402-4DE3-9386-70228787DAAE} = {A09E6B9A-AAD1-42B4-AB03-507609FF4115}
		{AA8CB2C6-25AC-47CA-9190-EAEAE9AB66BC} = {67D3ECC1-F11F-4959-800B-34FB1198CCFE}
		{496F144B-D7FF-4A88-8663-1591C612E07A} = {67D3ECC1-F11F-4959-800B-34FB1198CCFE}
		{14479211-5F44-4B14-9C99-EBEF1B310179} = {6E6ECF3E-4FC1-4572-8F8E-C280203D8FB7}
		{F7BCE597-AD25-4F90-89ED-6470E02424CC} = {6E6ECF3E-4FC1-4572-8F8E-C280203D8FB7}
	EndGlobalSection
	GlobalSection(ExtensibilityGlobals) = postSolution
		SolutionGuid = {52AA5762-B029-4B47-84D9-D02D15E67E4C}
	EndGlobalSection
EndGlobal
